Microsoft Visual Studio Solution File, Format Version 12.00
# Visual Studio Version 17
VisualStudioVersion = 17.0.31903.59
MinimumVisualStudioVersion = 10.0.40219.1
Project("{FAE04EC0-301F-11D3-BF4B-00C04F79EFBC}") = "GFC.BlazorServer", "GFC.BlazorServer\GFC.BlazorServer.csproj", "{45BBC49B-7025-4EA5-A3A0-A6017D49D84E}"
EndProject
Project("{FAE04EC0-301F-11D3-BF4B-00C04F79EFBC}") = "GFC.Core", "GFC.Core\GFC.Core.csproj", "{0C8E9C52-13FE-4D50-8AD7-2B90C5E2F088}"
EndProject
Project("{FAE04EC0-301F-11D3-BF4B-00C04F79EFBC}") = "GFC.Data", "GFC.Data\GFC.Data.csproj", "{4E018C60-59BB-4F40-9C57-7DA2B7FC9C69}"
EndProject
Project("{FAE04EC0-301F-11D3-BF4B-00C04F79EFBC}") = "GFC.PasswordTool", "GFC.PasswordTool\GFC.PasswordTool.csproj", "{3FAAFE0B-8DBA-4E4B-8E62-41136687ADED}"
EndProject
Global
	GlobalSection(SolutionConfigurationPlatforms) = preSolution
		Debug|Any CPU = Debug|Any CPU
		Debug|x64 = Debug|x64
		Debug|x86 = Debug|x86
		Release|Any CPU = Release|Any CPU
		Release|x64 = Release|x64
		Release|x86 = Release|x86
	EndGlobalSection
	GlobalSection(ProjectConfigurationPlatforms) = postSolution
		{45BBC49B-7025-4EA5-A3A0-A6017D49D84E}.Debug|Any CPU.ActiveCfg = Debug|Any CPU
		{45BBC49B-7025-4EA5-A3A0-A6017D49D84E}.Debug|Any CPU.Build.0 = Debug|Any CPU
		{45BBC49B-7025-4EA5-A3A0-A6017D49D84E}.Debug|x64.ActiveCfg = Debug|Any CPU
		{45BBC49B-7025-4EA5-A3A0-A6017D49D84E}.Debug|x64.Build.0 = Debug|Any CPU
		{45BBC49B-7025-4EA5-A3A0-A6017D49D84E}.Debug|x86.ActiveCfg = Debug|Any CPU
		{45BBC49B-7025-4EA5-A3A0-A6017D49D84E}.Debug|x86.Build.0 = Debug|Any CPU
		{45BBC49B-7025-4EA5-A3A0-A6017D49D84E}.Release|Any CPU.ActiveCfg = Release|Any CPU
		{45BBC49B-7025-4EA5-A3A0-A6017D49D84E}.Release|Any CPU.Build.0 = Release|Any CPU
		{45BBC49B-7025-4EA5-A3A0-A6017D49D84E}.Release|x64.ActiveCfg = Release|Any CPU
		{45BBC49B-7025-4EA5-A3A0-A6017D49D84E}.Release|x64.Build.0 = Release|Any CPU
		{45BBC49B-7025-4EA5-A3A0-A6017D49D84E}.Release|x86.ActiveCfg = Release|Any CPU
		{45BBC49B-7025-4EA5-A3A0-A6017D49D84E}.Release|x86.Build.0 = Release|Any CPU
		{0C8E9C52-13FE-4D50-8AD7-2B90C5E2F088}.Debug|Any CPU.ActiveCfg = Debug|Any CPU
		{0C8E9C52-13FE-4D50-8AD7-2B90C5E2F088}.Debug|Any CPU.Build.0 = Debug|Any CPU
		{0C8E9C52-13FE-4D50-8AD7-2B90C5E2F088}.Debug|x64.ActiveCfg = Debug|Any CPU
		{0C8E9C52-13FE-4D50-8AD7-2B90C5E2F088}.Debug|x64.Build.0 = Debug|Any CPU
		{0C8E9C52-13FE-4D50-8AD7-2B90C5E2F088}.Debug|x86.ActiveCfg = Debug|Any CPU
		{0C8E9C52-13FE-4D50-8AD7-2B90C5E2F088}.Debug|x86.Build.0 = Debug|Any CPU
		{0C8E9C52-13FE-4D50-8AD7-2B90C5E2F088}.Release|Any CPU.ActiveCfg = Release|Any CPU
		{0C8E9C52-13FE-4D50-8AD7-2B90C5E2F088}.Release|Any CPU.Build.0 = Release|Any CPU
		{0C8E9C52-13FE-4D50-8AD7-2B90C5E2F088}.Release|x64.ActiveCfg = Release|Any CPU
		{0C8E9C52-13FE-4D50-8AD7-2B90C5E2F088}.Release|x64.Build.0 = Release|Any CPU
		{0C8E9C52-13FE-4D50-8AD7-2B90C5E2F088}.Release|x86.ActiveCfg = Release|Any CPU
		{0C8E9C52-13FE-4D50-8AD7-2B90C5E2F088}.Release|x86.Build.0 = Release|Any CPU
		{4E018C60-59BB-4F40-9C57-7DA2B7FC9C69}.Debug|Any CPU.ActiveCfg = Debug|Any CPU
		{4E018C60-59BB-4F40-9C57-7DA2B7FC9C69}.Debug|Any CPU.Build.0 = Debug|Any CPU
		{4E018C60-59BB-4F40-9C57-7DA2B7FC9C69}.Debug|x64.ActiveCfg = Debug|Any CPU
		{4E018C60-59BB-4F40-9C57-7DA2B7FC9C69}.Debug|x64.Build.0 = Debug|Any CPU
		{4E018C60-59BB-4F40-9C57-7DA2B7FC9C69}.Debug|x86.ActiveCfg = Debug|Any CPU
		{4E018C60-59BB-4F40-9C57-7DA2B7FC9C69}.Debug|x86.Build.0 = Debug|Any CPU
		{4E018C60-59BB-4F40-9C57-7DA2B7FC9C69}.Release|Any CPU.ActiveCfg = Release|Any CPU
		{4E018C60-59BB-4F40-9C57-7DA2B7FC9C69}.Release|Any CPU.Build.0 = Release|Any CPU
		{4E018C60-59BB-4F40-9C57-7DA2B7FC9C69}.Release|x64.ActiveCfg = Release|Any CPU
		{4E018C60-59BB-4F40-9C57-7DA2B7FC9C69}.Release|x64.Build.0 = Release|Any CPU
		{4E018C60-59BB-4F40-9C57-7DA2B7FC9C69}.Release|x86.ActiveCfg = Release|Any CPU
		{4E018C60-59BB-4F40-9C57-7DA2B7FC9C69}.Release|x86.Build.0 = Release|Any CPU
		{3FAAFE0B-8DBA-4E4B-8E62-41136687ADED}.Debug|Any CPU.ActiveCfg = Debug|Any CPU
		{3FAAFE0B-8DBA-4E4B-8E62-41136687ADED}.Debug|Any CPU.Build.0 = Debug|Any CPU
		{3FAAFE0B-8DBA-4E4B-8E62-41136687ADED}.Debug|x64.ActiveCfg = Debug|Any CPU
		{3FAAFE0B-8DBA-4E4B-8E62-41136687ADED}.Debug|x64.Build.0 = Debug|Any CPU
		{3FAAFE0B-8DBA-4E4B-8E62-41136687ADED}.Debug|x86.ActiveCfg = Debug|Any CPU
		{3FAAFE0B-8DBA-4E4B-8E62-41136687ADED}.Debug|x86.Build.0 = Debug|Any CPU
		{3FAAFE0B-8DBA-4E4B-8E62-41136687ADED}.Release|Any CPU.ActiveCfg = Release|Any CPU
		{3FAAFE0B-8DBA-4E4B-8E62-41136687ADED}.Release|Any CPU.Build.0 = Release|Any CPU
		{3FAAFE0B-8DBA-4E4B-8E62-41136687ADED}.Release|x64.ActiveCfg = Release|Any CPU
		{3FAAFE0B-8DBA-4E4B-8E62-41136687ADED}.Release|x64.Build.0 = Release|Any CPU
		{3FAAFE0B-8DBA-4E4B-8E62-41136687ADED}.Release|x86.ActiveCfg = Release|Any CPU
		{3FAAFE0B-8DBA-4E4B-8E62-41136687ADED}.Release|x86.Build.0 = Release|Any CPU
	EndGlobalSection
	GlobalSection(SolutionProperties) = preSolution
		HideSolutionNode = FALSE
	EndGlobalSection
	GlobalSection(ExtensibilityGlobals) = postSolution
		SolutionGuid = {D4F99862-EAEA-429F-A759-CA2987C2D345}
	EndGlobalSection
EndGlobal
