
Microsoft Visual Studio Solution File, Format Version 12.00
# Visual Studio Version 17
VisualStudioVersion = 17.0.31903.59
MinimumVisualStudioVersion = 10.0.40219.1
Project("{FAE04EC0-301F-11D3-BF4B-00C04F79EFBC}") = "GFC.Pos.Terminal", "GFC.Pos.Terminal\GFC.Pos.Terminal.csproj", "{D1A2B3C4-E5F6-4321-8765-43210ABCDEF0}"
EndProject
Project("{FAE04EC0-301F-11D3-BF4B-00C04F79EFBC}") = "GFC.Core", "..\webapp\GFC.Core\GFC.Core.csproj", "{1AA8760B-021B-4492-8580-D1101C7B12C8}"
EndProject
Project("{FAE04EC0-301F-11D3-BF4B-00C04F79EFBC}") = "GFC.Pos.UI", "GFC.Pos.UI\GFC.Pos.UI.csproj", "{86C364BA-C203-4B8F-8E91-48593311D129}"
EndProject
Project("{FAE04EC0-301F-11D3-BF4B-00C04F79EFBC}") = "GFC.Pos.Mobile", "GFC.Pos.Mobile\GFC.Pos.Mobile.csproj", "{F042755E-1C97-4332-BB59-647A1E328B7C}"
EndProject
Global
	GlobalSection(SolutionConfigurationPlatforms) = preSolution
		Debug|Any CPU = Debug|Any CPU
		Debug|x64 = Debug|x64
		Debug|x86 = Debug|x86
		Release|Any CPU = Release|Any CPU
		Release|x64 = Release|x64
		Release|x86 = Release|x86
	EndGlobalSection
	GlobalSection(ProjectConfigurationPlatforms) = postSolution
		{D1A2B3C4-E5F6-4321-8765-43210ABCDEF0}.Debug|Any CPU.ActiveCfg = Debug|Any CPU
		{D1A2B3C4-E5F6-4321-8765-43210ABCDEF0}.Debug|Any CPU.Build.0 = Debug|Any CPU
		{D1A2B3C4-E5F6-4321-8765-43210ABCDEF0}.Debug|x64.ActiveCfg = Debug|Any CPU
		{D1A2B3C4-E5F6-4321-8765-43210ABCDEF0}.Debug|x64.Build.0 = Debug|Any CPU
		{D1A2B3C4-E5F6-4321-8765-43210ABCDEF0}.Debug|x86.ActiveCfg = Debug|Any CPU
		{D1A2B3C4-E5F6-4321-8765-43210ABCDEF0}.Debug|x86.Build.0 = Debug|Any CPU
		{D1A2B3C4-E5F6-4321-8765-43210ABCDEF0}.Release|Any CPU.ActiveCfg = Release|Any CPU
		{D1A2B3C4-E5F6-4321-8765-43210ABCDEF0}.Release|Any CPU.Build.0 = Release|Any CPU
		{D1A2B3C4-E5F6-4321-8765-43210ABCDEF0}.Release|x64.ActiveCfg = Release|Any CPU
		{D1A2B3C4-E5F6-4321-8765-43210ABCDEF0}.Release|x64.Build.0 = Release|Any CPU
		{D1A2B3C4-E5F6-4321-8765-43210ABCDEF0}.Release|x86.ActiveCfg = Release|Any CPU
		{D1A2B3C4-E5F6-4321-8765-43210ABCDEF0}.Release|x86.Build.0 = Release|Any CPU
		{1AA8760B-021B-4492-8580-D1101C7B12C8}.Debug|Any CPU.ActiveCfg = Debug|Any CPU
		{1AA8760B-021B-4492-8580-D1101C7B12C8}.Debug|Any CPU.Build.0 = Debug|Any CPU
		{1AA8760B-021B-4492-8580-D1101C7B12C8}.Debug|x64.ActiveCfg = Debug|Any CPU
		{1AA8760B-021B-4492-8580-D1101C7B12C8}.Debug|x64.Build.0 = Debug|Any CPU
		{1AA8760B-021B-4492-8580-D1101C7B12C8}.Debug|x86.ActiveCfg = Debug|Any CPU
		{1AA8760B-021B-4492-8580-D1101C7B12C8}.Debug|x86.Build.0 = Debug|Any CPU
		{1AA8760B-021B-4492-8580-D1101C7B12C8}.Release|Any CPU.ActiveCfg = Release|Any CPU
		{1AA8760B-021B-4492-8580-D1101C7B12C8}.Release|Any CPU.Build.0 = Release|Any CPU
		{1AA8760B-021B-4492-8580-D1101C7B12C8}.Release|x64.ActiveCfg = Release|Any CPU
		{1AA8760B-021B-4492-8580-D1101C7B12C8}.Release|x64.Build.0 = Release|Any CPU
		{1AA8760B-021B-4492-8580-D1101C7B12C8}.Release|x86.ActiveCfg = Release|Any CPU
		{1AA8760B-021B-4492-8580-D1101C7B12C8}.Release|x86.Build.0 = Release|Any CPU
		{86C364BA-C203-4B8F-8E91-48593311D129}.Debug|Any CPU.ActiveCfg = Debug|Any CPU
		{86C364BA-C203-4B8F-8E91-48593311D129}.Debug|Any CPU.Build.0 = Debug|Any CPU
		{86C364BA-C203-4B8F-8E91-48593311D129}.Debug|x64.ActiveCfg = Debug|Any CPU
		{86C364BA-C203-4B8F-8E91-48593311D129}.Debug|x64.Build.0 = Debug|Any CPU
		{86C364BA-C203-4B8F-8E91-48593311D129}.Debug|x86.ActiveCfg = Debug|Any CPU
		{86C364BA-C203-4B8F-8E91-48593311D129}.Debug|x86.Build.0 = Debug|Any CPU
		{86C364BA-C203-4B8F-8E91-48593311D129}.Release|Any CPU.ActiveCfg = Release|Any CPU
		{86C364BA-C203-4B8F-8E91-48593311D129}.Release|Any CPU.Build.0 = Release|Any CPU
		{86C364BA-C203-4B8F-8E91-48593311D129}.Release|x64.ActiveCfg = Release|Any CPU
		{86C364BA-C203-4B8F-8E91-48593311D129}.Release|x64.Build.0 = Release|Any CPU
		{86C364BA-C203-4B8F-8E91-48593311D129}.Release|x86.ActiveCfg = Release|Any CPU
		{86C364BA-C203-4B8F-8E91-48593311D129}.Release|x86.Build.0 = Release|Any CPU
		{F042755E-1C97-4332-BB59-647A1E328B7C}.Debug|Any CPU.ActiveCfg = Debug|Any CPU
		{F042755E-1C97-4332-BB59-647A1E328B7C}.Debug|Any CPU.Build.0 = Debug|Any CPU
		{F042755E-1C97-4332-BB59-647A1E328B7C}.Debug|x64.ActiveCfg = Debug|Any CPU
		{F042755E-1C97-4332-BB59-647A1E328B7C}.Debug|x64.Build.0 = Debug|Any CPU
		{F042755E-1C97-4332-BB59-647A1E328B7C}.Debug|x86.ActiveCfg = Debug|Any CPU
		{F042755E-1C97-4332-BB59-647A1E328B7C}.Debug|x86.Build.0 = Debug|Any CPU
		{F042755E-1C97-4332-BB59-647A1E328B7C}.Release|Any CPU.ActiveCfg = Release|Any CPU
		{F042755E-1C97-4332-BB59-647A1E328B7C}.Release|Any CPU.Build.0 = Release|Any CPU
		{F042755E-1C97-4332-BB59-647A1E328B7C}.Release|x64.ActiveCfg = Release|Any CPU
		{F042755E-1C97-4332-BB59-647A1E328B7C}.Release|x64.Build.0 = Release|Any CPU
		{F042755E-1C97-4332-BB59-647A1E328B7C}.Release|x86.ActiveCfg = Release|Any CPU
		{F042755E-1C97-4332-BB59-647A1E328B7C}.Release|x86.Build.0 = Release|Any CPU
	EndGlobalSection
	GlobalSection(SolutionProperties) = preSolution
		HideSolutionNode = FALSE
	EndGlobalSection
EndGlobal
